# THIS IS AN AUTOGENERATED FILE. DO NOT EDIT THIS FILE DIRECTLY.
# yarn lockfile v1


"@lenic/deferred@^1.0.3":
  version "1.0.3"
  resolved "https://registry.npm.taobao.org/@lenic/deferred/download/@lenic/deferred-1.0.3.tgz#041638f5cc8ef171de893330577753e8b850af1c"
  integrity sha1-BBY49cyO8XHeiTMwV3dT6LhQrxw=

eventemitter3@^4.0.0:
  version "4.0.0"
  resolved "https://registry.npm.taobao.org/eventemitter3/download/eventemitter3-4.0.0.tgz?cache=0&sync_timestamp=1560950873670&other_urls=https%3A%2F%2Fregistry.npm.taobao.org%2Feventemitter3%2Fdownload%2Feventemitter3-4.0.0.tgz#d65176163887ee59f386d64c82610b696a4a74eb"
  integrity sha1-1lF2FjiH7lnzhtZMgmELaWpKdOs=

typescript@^3.6.2:
  version "3.6.2"
  resolved "https://registry.npm.taobao.org/typescript/download/typescript-3.6.2.tgz?cache=0&other_urls=https%3A%2F%2Fregistry.npm.taobao.org%2Ftypescript%2Fdownload%2Ftypescript-3.6.2.tgz#105b0f1934119dde543ac8eb71af3a91009efe54"
  integrity sha1-EFsPGTQRnd5UOsjrca86kQCe/lQ=
